// !$*UTF8*$!
{
	archiveVersion = 1;
	classes = {
	};
	objectVersion = 46;
	objects = {

/* Begin PBXBuildFile section */
		810D4E4A19A25E9600833928 /* MulticolorPolylineSegment.m in Sources */ = {isa = PBXBuildFile; fileRef = 810D4E4919A25E9600833928 /* MulticolorPolylineSegment.m */; };
		811A8194199D66C200AFF4B7 /* MathController.m in Sources */ = {isa = PBXBuildFile; fileRef = 811A8193199D66C200AFF4B7 /* MathController.m */; };
		811A8196199D6CE600AFF4B7 /* MapKit.framework in Frameworks */ = {isa = PBXBuildFile; fileRef = 811A8195199D6CE600AFF4B7 /* MapKit.framework */; };
		815045E719A297E5001779BB /* badges.txt in Resources */ = {isa = PBXBuildFile; fileRef = 815045E619A297E5001779BB /* badges.txt */; };
		815045EA19A29A05001779BB /* Badge.m in Sources */ = {isa = PBXBuildFile; fileRef = 815045E919A29A05001779BB /* Badge.m */; };
		815045ED19A29A96001779BB /* BadgeController.m in Sources */ = {isa = PBXBuildFile; fileRef = 815045EC19A29A96001779BB /* BadgeController.m */; };
		815045F019A2A23D001779BB /* BadgeEarnStatus.m in Sources */ = {isa = PBXBuildFile; fileRef = 815045EF19A2A23D001779BB /* BadgeEarnStatus.m */; };
		81DB4FC6199D121E00502086 /* Foundation.framework in Frameworks */ = {isa = PBXBuildFile; fileRef = 81DB4FC5199D121E00502086 /* Foundation.framework */; };
		81DB4FC8199D121E00502086 /* CoreGraphics.framework in Frameworks */ = {isa = PBXBuildFile; fileRef = 81DB4FC7199D121E00502086 /* CoreGraphics.framework */; };
		81DB4FCA199D121E00502086 /* UIKit.framework in Frameworks */ = {isa = PBXBuildFile; fileRef = 81DB4FC9199D121E00502086 /* UIKit.framework */; };
		81DB4FCC199D121E00502086 /* CoreData.framework in Frameworks */ = {isa = PBXBuildFile; fileRef = 81DB4FCB199D121E00502086 /* CoreData.framework */; };
		81DB4FD2199D121E00502086 /* InfoPlist.strings in Resources */ = {isa = PBXBuildFile; fileRef = 81DB4FD0199D121E00502086 /* InfoPlist.strings */; };
		81DB4FD4199D121E00502086 /* main.m in Sources */ = {isa = PBXBuildFile; fileRef = 81DB4FD3199D121E00502086 /* main.m */; };
		81DB4FD8199D121E00502086 /* AppDelegate.m in Sources */ = {isa = PBXBuildFile; fileRef = 81DB4FD7199D121E00502086 /* AppDelegate.m */; };
		81DB4FDB199D121E00502086 /* Main.storyboard in Resources */ = {isa = PBXBuildFile; fileRef = 81DB4FD9199D121E00502086 /* Main.storyboard */; };
		81DB4FDE199D121E00502086 /* MoonRunner.xcdatamodeld in Sources */ = {isa = PBXBuildFile; fileRef = 81DB4FDC199D121E00502086 /* MoonRunner.xcdatamodeld */; };
		81DB4FE4199D121E00502086 /* DetailViewController.m in Sources */ = {isa = PBXBuildFile; fileRef = 81DB4FE3199D121E00502086 /* DetailViewController.m */; };
		81DB4FE6199D121E00502086 /* Images.xcassets in Resources */ = {isa = PBXBuildFile; fileRef = 81DB4FE5199D121E00502086 /* Images.xcassets */; };
		81DB4FED199D121E00502086 /* XCTest.framework in Frameworks */ = {isa = PBXBuildFile; fileRef = 81DB4FEC199D121E00502086 /* XCTest.framework */; };
		81DB4FEE199D121E00502086 /* Foundation.framework in Frameworks */ = {isa = PBXBuildFile; fileRef = 81DB4FC5199D121E00502086 /* Foundation.framework */; };
		81DB4FEF199D121E00502086 /* UIKit.framework in Frameworks */ = {isa = PBXBuildFile; fileRef = 81DB4FC9199D121E00502086 /* UIKit.framework */; };
		81DB4FF0199D121E00502086 /* CoreData.framework in Frameworks */ = {isa = PBXBuildFile; fileRef = 81DB4FCB199D121E00502086 /* CoreData.framework */; };
		81DB4FF8199D121F00502086 /* InfoPlist.strings in Resources */ = {isa = PBXBuildFile; fileRef = 81DB4FF6199D121F00502086 /* InfoPlist.strings */; };
		81DB4FFA199D121F00502086 /* MoonRunnerTests.m in Sources */ = {isa = PBXBuildFile; fileRef = 81DB4FF9199D121F00502086 /* MoonRunnerTests.m */; };
		81DB5005199D16AB00502086 /* Run.m in Sources */ = {isa = PBXBuildFile; fileRef = 81DB5004199D16AB00502086 /* Run.m */; };
		81DB5008199D16AC00502086 /* Location.m in Sources */ = {isa = PBXBuildFile; fileRef = 81DB5007199D16AC00502086 /* Location.m */; };
		81DB5064199D1BC000502086 /* MoonRunner.xcassets in Resources */ = {isa = PBXBuildFile; fileRef = 81DB5063199D1BC000502086 /* MoonRunner.xcassets */; };
		81DB5081199D1C5500502086 /* ariel.jpg in Resources */ = {isa = PBXBuildFile; fileRef = 81DB5066199D1C5500502086 /* ariel.jpg */; };
		81DB5082199D1C5500502086 /* atmosphere.jpg in Resources */ = {isa = PBXBuildFile; fileRef = 81DB5067199D1C5500502086 /* atmosphere.jpg */; };
		81DB5083199D1C5500502086 /* callisto.jpg in Resources */ = {isa = PBXBuildFile; fileRef = 81DB5068199D1C5500502086 /* callisto.jpg */; };
		81DB5084199D1C5500502086 /* ceres.jpg in Resources */ = {isa = PBXBuildFile; fileRef = 81DB5069199D1C5500502086 /* ceres.jpg */; };
		81DB5085199D1C5500502086 /* deimos.jpg in Resources */ = {isa = PBXBuildFile; fileRef = 81DB506A199D1C5500502086 /* deimos.jpg */; };
		81DB5086199D1C5500502086 /* dione.jpg in Resources */ = {isa = PBXBuildFile; fileRef = 81DB506B199D1C5500502086 /* dione.jpg */; };
		81DB5087199D1C5500502086 /* earth.jpg in Resources */ = {isa = PBXBuildFile; fileRef = 81DB506C199D1C5500502086 /* earth.jpg */; };
		81DB5088199D1C5500502086 /* enceladus.jpg in Resources */ = {isa = PBXBuildFile; fileRef = 81DB506D199D1C5500502086 /* enceladus.jpg */; };
		81DB5089199D1C5500502086 /* europa.jpg in Resources */ = {isa = PBXBuildFile; fileRef = 81DB506E199D1C5500502086 /* europa.jpg */; };
		81DB508A199D1C5500502086 /* ganymede.jpg in Resources */ = {isa = PBXBuildFile; fileRef = 81DB506F199D1C5500502086 /* ganymede.jpg */; };
		81DB508B199D1C5500502086 /* iapetus.jpg in Resources */ = {isa = PBXBuildFile; fileRef = 81DB5070199D1C5500502086 /* iapetus.jpg */; };
		81DB508C199D1C5500502086 /* interstellar_space.jpg in Resources */ = {isa = PBXBuildFile; fileRef = 81DB5071199D1C5500502086 /* interstellar_space.jpg */; };
		81DB508D199D1C5500502086 /* io.jpg in Resources */ = {isa = PBXBuildFile; fileRef = 81DB5072199D1C5500502086 /* io.jpg */; };
		81DB508E199D1C5500502086 /* mars.jpg in Resources */ = {isa = PBXBuildFile; fileRef = 81DB5073199D1C5500502086 /* mars.jpg */; };
		81DB508F199D1C5500502086 /* mimas.jpg in Resources */ = {isa = PBXBuildFile; fileRef = 81DB5074199D1C5500502086 /* mimas.jpg */; };
		81DB5090199D1C5500502086 /* miranda.jpg in Resources */ = {isa = PBXBuildFile; fileRef = 81DB5075199D1C5500502086 /* miranda.jpg */; };
		81DB5091199D1C5500502086 /* moon.jpg in Resources */ = {isa = PBXBuildFile; fileRef = 81DB5076199D1C5500502086 /* moon.jpg */; };
		81DB5092199D1C5500502086 /* oberon.jpg in Resources */ = {isa = PBXBuildFile; fileRef = 81DB5077199D1C5500502086 /* oberon.jpg */; };
		81DB5093199D1C5500502086 /* phobos.jpg in Resources */ = {isa = PBXBuildFile; fileRef = 81DB5078199D1C5500502086 /* phobos.jpg */; };
		81DB5094199D1C5500502086 /* pluto.jpg in Resources */ = {isa = PBXBuildFile; fileRef = 81DB5079199D1C5500502086 /* pluto.jpg */; };
		81DB5095199D1C5500502086 /* rhea.jpg in Resources */ = {isa = PBXBuildFile; fileRef = 81DB507A199D1C5500502086 /* rhea.jpg */; };
		81DB5096199D1C5500502086 /* saturn.jpg in Resources */ = {isa = PBXBuildFile; fileRef = 81DB507B199D1C5500502086 /* saturn.jpg */; };
		81DB5097199D1C5500502086 /* tethys.jpg in Resources */ = {isa = PBXBuildFile; fileRef = 81DB507C199D1C5500502086 /* tethys.jpg */; };
		81DB5098199D1C5500502086 /* titan.jpg in Resources */ = {isa = PBXBuildFile; fileRef = 81DB507D199D1C5500502086 /* titan.jpg */; };
		81DB5099199D1C5500502086 /* titania.jpg in Resources */ = {isa = PBXBuildFile; fileRef = 81DB507E199D1C5500502086 /* titania.jpg */; };
		81DB509A199D1C5500502086 /* triton.jpg in Resources */ = {isa = PBXBuildFile; fileRef = 81DB507F199D1C5500502086 /* triton.jpg */; };
		81DB509B199D1C5500502086 /* umbriel.jpg in Resources */ = {isa = PBXBuildFile; fileRef = 81DB5080199D1C5500502086 /* umbriel.jpg */; };
		81DB509F199D232000502086 /* HomeViewController.m in Sources */ = {isa = PBXBuildFile; fileRef = 81DB509E199D232000502086 /* HomeViewController.m */; };
		81DB50A2199D24A100502086 /* NewRunViewController.m in Sources */ = {isa = PBXBuildFile; fileRef = 81DB50A1199D24A100502086 /* NewRunViewController.m */; };
/* End PBXBuildFile section */

/* Begin PBXContainerItemProxy section */
		81DB4FF1199D121E00502086 /* PBXContainerItemProxy */ = {
			isa = PBXContainerItemProxy;
			containerPortal = 81DB4FBA199D121E00502086 /* Project object */;
			proxyType = 1;
			remoteGlobalIDString = 81DB4FC1199D121E00502086;
			remoteInfo = MoonRunner;
		};
/* End PBXContainerItemProxy section */

/* Begin PBXFileReference section */
		810D4E4819A25E9600833928 /* MulticolorPolylineSegment.h */ = {isa = PBXFileReference; fileEncoding = 4; lastKnownFileType = sourcecode.c.h; path = MulticolorPolylineSegment.h; sourceTree = "<group>"; };
		810D4E4919A25E9600833928 /* MulticolorPolylineSegment.m */ = {isa = PBXFileReference; fileEncoding = 4; lastKnownFileType = sourcecode.c.objc; path = MulticolorPolylineSegment.m; sourceTree = "<group>"; };
		811A8192199D66C200AFF4B7 /* MathController.h */ = {isa = PBXFileReference; fileEncoding = 4; lastKnownFileType = sourcecode.c.h; path = MathController.h; sourceTree = "<group>"; };
		811A8193199D66C200AFF4B7 /* MathController.m */ = {isa = PBXFileReference; fileEncoding = 4; lastKnownFileType = sourcecode.c.objc; path = MathController.m; sourceTree = "<group>"; };
		811A8195199D6CE600AFF4B7 /* MapKit.framework */ = {isa = PBXFileReference; lastKnownFileType = wrapper.framework; name = MapKit.framework; path = System/Library/Frameworks/MapKit.framework; sourceTree = SDKROOT; };
		815045E619A297E5001779BB /* badges.txt */ = {isa = PBXFileReference; fileEncoding = 4; lastKnownFileType = text; path = badges.txt; sourceTree = "<group>"; };
		815045E819A29A05001779BB /* Badge.h */ = {isa = PBXFileReference; fileEncoding = 4; lastKnownFileType = sourcecode.c.h; path = Badge.h; sourceTree = "<group>"; };
		815045E919A29A05001779BB /* Badge.m */ = {isa = PBXFileReference; fileEncoding = 4; lastKnownFileType = sourcecode.c.objc; path = Badge.m; sourceTree = "<group>"; };
		815045EB19A29A96001779BB /* BadgeController.h */ = {isa = PBXFileReference; fileEncoding = 4; lastKnownFileType = sourcecode.c.h; path = BadgeController.h; sourceTree = "<group>"; };
		815045EC19A29A96001779BB /* BadgeController.m */ = {isa = PBXFileReference; fileEncoding = 4; lastKnownFileType = sourcecode.c.objc; path = BadgeController.m; sourceTree = "<group>"; };
		815045EE19A2A23D001779BB /* BadgeEarnStatus.h */ = {isa = PBXFileReference; fileEncoding = 4; lastKnownFileType = sourcecode.c.h; path = BadgeEarnStatus.h; sourceTree = "<group>"; };
		815045EF19A2A23D001779BB /* BadgeEarnStatus.m */ = {isa = PBXFileReference; fileEncoding = 4; lastKnownFileType = sourcecode.c.objc; path = BadgeEarnStatus.m; sourceTree = "<group>"; };
		81DB4FC2199D121E00502086 /* MoonRunner.app */ = {isa = PBXFileReference; explicitFileType = wrapper.application; includeInIndex = 0; path = MoonRunner.app; sourceTree = BUILT_PRODUCTS_DIR; };
		81DB4FC5199D121E00502086 /* Foundation.framework */ = {isa = PBXFileReference; lastKnownFileType = wrapper.framework; name = Foundation.framework; path = System/Library/Frameworks/Foundation.framework; sourceTree = SDKROOT; };
		81DB4FC7199D121E00502086 /* CoreGraphics.framework */ = {isa = PBXFileReference; lastKnownFileType = wrapper.framework; name = CoreGraphics.framework; path = System/Library/Frameworks/CoreGraphics.framework; sourceTree = SDKROOT; };
		81DB4FC9199D121E00502086 /* UIKit.framework */ = {isa = PBXFileReference; lastKnownFileType = wrapper.framework; name = UIKit.framework; path = System/Library/Frameworks/UIKit.framework; sourceTree = SDKROOT; };
		81DB4FCB199D121E00502086 /* CoreData.framework */ = {isa = PBXFileReference; lastKnownFileType = wrapper.framework; name = CoreData.framework; path = System/Library/Frameworks/CoreData.framework; sourceTree = SDKROOT; };
		81DB4FCF199D121E00502086 /* MoonRunner-Info.plist */ = {isa = PBXFileReference; lastKnownFileType = text.plist.xml; path = "MoonRunner-Info.plist"; sourceTree = "<group>"; };
		81DB4FD1199D121E00502086 /* en */ = {isa = PBXFileReference; lastKnownFileType = text.plist.strings; name = en; path = en.lproj/InfoPlist.strings; sourceTree = "<group>"; };
		81DB4FD3199D121E00502086 /* main.m */ = {isa = PBXFileReference; lastKnownFileType = sourcecode.c.objc; path = main.m; sourceTree = "<group>"; };
		81DB4FD5199D121E00502086 /* MoonRunner-Prefix.pch */ = {isa = PBXFileReference; lastKnownFileType = sourcecode.c.h; path = "MoonRunner-Prefix.pch"; sourceTree = "<group>"; };
		81DB4FD6199D121E00502086 /* AppDelegate.h */ = {isa = PBXFileReference; lastKnownFileType = sourcecode.c.h; path = AppDelegate.h; sourceTree = "<group>"; };
		81DB4FD7199D121E00502086 /* AppDelegate.m */ = {isa = PBXFileReference; lastKnownFileType = sourcecode.c.objc; path = AppDelegate.m; sourceTree = "<group>"; };
		81DB4FDA199D121E00502086 /* Base */ = {isa = PBXFileReference; lastKnownFileType = file.storyboard; name = Base; path = Base.lproj/Main.storyboard; sourceTree = "<group>"; };
		81DB4FDD199D121E00502086 /* MoonRunner.xcdatamodel */ = {isa = PBXFileReference; lastKnownFileType = wrapper.xcdatamodel; path = MoonRunner.xcdatamodel; sourceTree = "<group>"; };
		81DB4FE2199D121E00502086 /* DetailViewController.h */ = {isa = PBXFileReference; lastKnownFileType = sourcecode.c.h; path = DetailViewController.h; sourceTree = "<group>"; };
		81DB4FE3199D121E00502086 /* DetailViewController.m */ = {isa = PBXFileReference; lastKnownFileType = sourcecode.c.objc; path = DetailViewController.m; sourceTree = "<group>"; };
		81DB4FE5199D121E00502086 /* Images.xcassets */ = {isa = PBXFileReference; lastKnownFileType = folder.assetcatalog; path = Images.xcassets; sourceTree = "<group>"; };
		81DB4FEB199D121E00502086 /* MoonRunnerTests.xctest */ = {isa = PBXFileReference; explicitFileType = wrapper.cfbundle; includeInIndex = 0; path = MoonRunnerTests.xctest; sourceTree = BUILT_PRODUCTS_DIR; };
		81DB4FEC199D121E00502086 /* XCTest.framework */ = {isa = PBXFileReference; lastKnownFileType = wrapper.framework; name = XCTest.framework; path = Library/Frameworks/XCTest.framework; sourceTree = DEVELOPER_DIR; };
		81DB4FF5199D121F00502086 /* MoonRunnerTests-Info.plist */ = {isa = PBXFileReference; lastKnownFileType = text.plist.xml; path = "MoonRunnerTests-Info.plist"; sourceTree = "<group>"; };
		81DB4FF7199D121F00502086 /* en */ = {isa = PBXFileReference; lastKnownFileType = text.plist.strings; name = en; path = en.lproj/InfoPlist.strings; sourceTree = "<group>"; };
		81DB4FF9199D121F00502086 /* MoonRunnerTests.m */ = {isa = PBXFileReference; lastKnownFileType = sourcecode.c.objc; path = MoonRunnerTests.m; sourceTree = "<group>"; };
		81DB5003199D16AB00502086 /* Run.h */ = {isa = PBXFileReference; fileEncoding = 4; lastKnownFileType = sourcecode.c.h; path = Run.h; sourceTree = "<group>"; };
		81DB5004199D16AB00502086 /* Run.m */ = {isa = PBXFileReference; fileEncoding = 4; lastKnownFileType = sourcecode.c.objc; path = Run.m; sourceTree = "<group>"; };
		81DB5006199D16AC00502086 /* Location.h */ = {isa = PBXFileReference; fileEncoding = 4; lastKnownFileType = sourcecode.c.h; path = Location.h; sourceTree = "<group>"; };
		81DB5007199D16AC00502086 /* Location.m */ = {isa = PBXFileReference; fileEncoding = 4; lastKnownFileType = sourcecode.c.objc; path = Location.m; sourceTree = "<group>"; };
		81DB5063199D1BC000502086 /* MoonRunner.xcassets */ = {isa = PBXFileReference; lastKnownFileType = folder.assetcatalog; path = MoonRunner.xcassets; sourceTree = "<group>"; };
		81DB5066199D1C5500502086 /* ariel.jpg */ = {isa = PBXFileReference; lastKnownFileType = image.jpeg; path = ariel.jpg; sourceTree = "<group>"; };
		81DB5067199D1C5500502086 /* atmosphere.jpg */ = {isa = PBXFileReference; lastKnownFileType = image.jpeg; path = atmosphere.jpg; sourceTree = "<group>"; };
		81DB5068199D1C5500502086 /* callisto.jpg */ = {isa = PBXFileReference; lastKnownFileType = image.jpeg; path = callisto.jpg; sourceTree = "<group>"; };
		81DB5069199D1C5500502086 /* ceres.jpg */ = {isa = PBXFileReference; lastKnownFileType = image.jpeg; path = ceres.jpg; sourceTree = "<group>"; };
		81DB506A199D1C5500502086 /* deimos.jpg */ = {isa = PBXFileReference; lastKnownFileType = image.jpeg; path = deimos.jpg; sourceTree = "<group>"; };
		81DB506B199D1C5500502086 /* dione.jpg */ = {isa = PBXFileReference; lastKnownFileType = image.jpeg; path = dione.jpg; sourceTree = "<group>"; };
		81DB506C199D1C5500502086 /* earth.jpg */ = {isa = PBXFileReference; lastKnownFileType = image.jpeg; path = earth.jpg; sourceTree = "<group>"; };
		81DB506D199D1C5500502086 /* enceladus.jpg */ = {isa = PBXFileReference; lastKnownFileType = image.jpeg; path = enceladus.jpg; sourceTree = "<group>"; };
		81DB506E199D1C5500502086 /* europa.jpg */ = {isa = PBXFileReference; lastKnownFileType = image.jpeg; path = europa.jpg; sourceTree = "<group>"; };
		81DB506F199D1C5500502086 /* ganymede.jpg */ = {isa = PBXFileReference; lastKnownFileType = image.jpeg; path = ganymede.jpg; sourceTree = "<group>"; };
		81DB5070199D1C5500502086 /* iapetus.jpg */ = {isa = PBXFileReference; lastKnownFileType = image.jpeg; path = iapetus.jpg; sourceTree = "<group>"; };
		81DB5071199D1C5500502086 /* interstellar_space.jpg */ = {isa = PBXFileReference; lastKnownFileType = image.jpeg; path = interstellar_space.jpg; sourceTree = "<group>"; };
		81DB5072199D1C5500502086 /* io.jpg */ = {isa = PBXFileReference; lastKnownFileType = image.jpeg; path = io.jpg; sourceTree = "<group>"; };
		81DB5073199D1C5500502086 /* mars.jpg */ = {isa = PBXFileReference; lastKnownFileType = image.jpeg; path = mars.jpg; sourceTree = "<group>"; };
		81DB5074199D1C5500502086 /* mimas.jpg */ = {isa = PBXFileReference; lastKnownFileType = image.jpeg; path = mimas.jpg; sourceTree = "<group>"; };
		81DB5075199D1C5500502086 /* miranda.jpg */ = {isa = PBXFileReference; lastKnownFileType = image.jpeg; path = miranda.jpg; sourceTree = "<group>"; };
		81DB5076199D1C5500502086 /* moon.jpg */ = {isa = PBXFileReference; lastKnownFileType = image.jpeg; path = moon.jpg; sourceTree = "<group>"; };
		81DB5077199D1C5500502086 /* oberon.jpg */ = {isa = PBXFileReference; lastKnownFileType = image.jpeg; path = oberon.jpg; sourceTree = "<group>"; };
		81DB5078199D1C5500502086 /* phobos.jpg */ = {isa = PBXFileReference; lastKnownFileType = image.jpeg; path = phobos.jpg; sourceTree = "<group>"; };
		81DB5079199D1C5500502086 /* pluto.jpg */ = {isa = PBXFileReference; lastKnownFileType = image.jpeg; path = pluto.jpg; sourceTree = "<group>"; };
		81DB507A199D1C5500502086 /* rhea.jpg */ = {isa = PBXFileReference; lastKnownFileType = image.jpeg; path = rhea.jpg; sourceTree = "<group>"; };
		81DB507B199D1C5500502086 /* saturn.jpg */ = {isa = PBXFileReference; lastKnownFileType = image.jpeg; path = saturn.jpg; sourceTree = "<group>"; };
		81DB507C199D1C5500502086 /* tethys.jpg */ = {isa = PBXFileReference; lastKnownFileType = image.jpeg; path = tethys.jpg; sourceTree = "<group>"; };
		81DB507D199D1C5500502086 /* titan.jpg */ = {isa = PBXFileReference; lastKnownFileType = image.jpeg; path = titan.jpg; sourceTree = "<group>"; };
		81DB507E199D1C5500502086 /* titania.jpg */ = {isa = PBXFileReference; lastKnownFileType = image.jpeg; path = titania.jpg; sourceTree = "<group>"; };
		81DB507F199D1C5500502086 /* triton.jpg */ = {isa = PBXFileReference; lastKnownFileType = image.jpeg; path = triton.jpg; sourceTree = "<group>"; };
		81DB5080199D1C5500502086 /* umbriel.jpg */ = {isa = PBXFileReference; lastKnownFileType = image.jpeg; path = umbriel.jpg; sourceTree = "<group>"; };
		81DB509D199D232000502086 /* HomeViewController.h */ = {isa = PBXFileReference; fileEncoding = 4; lastKnownFileType = sourcecode.c.h; path = HomeViewController.h; sourceTree = "<group>"; };
		81DB509E199D232000502086 /* HomeViewController.m */ = {isa = PBXFileReference; fileEncoding = 4; lastKnownFileType = sourcecode.c.objc; path = HomeViewController.m; sourceTree = "<group>"; };
		81DB50A0199D24A100502086 /* NewRunViewController.h */ = {isa = PBXFileReference; fileEncoding = 4; lastKnownFileType = sourcecode.c.h; path = NewRunViewController.h; sourceTree = "<group>"; };
		81DB50A1199D24A100502086 /* NewRunViewController.m */ = {isa = PBXFileReference; fileEncoding = 4; lastKnownFileType = sourcecode.c.objc; path = NewRunViewController.m; sourceTree = "<group>"; };
/* End PBXFileReference section */

/* Begin PBXFrameworksBuildPhase section */
		81DB4FBF199D121E00502086 /* Frameworks */ = {
			isa = PBXFrameworksBuildPhase;
			buildActionMask = 2147483647;
			files = (
				811A8196199D6CE600AFF4B7 /* MapKit.framework in Frameworks */,
				81DB4FC8199D121E00502086 /* CoreGraphics.framework in Frameworks */,
				81DB4FCC199D121E00502086 /* CoreData.framework in Frameworks */,
				81DB4FCA199D121E00502086 /* UIKit.framework in Frameworks */,
				81DB4FC6199D121E00502086 /* Foundation.framework in Frameworks */,
			);
			runOnlyForDeploymentPostprocessing = 0;
		};
		81DB4FE8199D121E00502086 /* Frameworks */ = {
			isa = PBXFrameworksBuildPhase;
			buildActionMask = 2147483647;
			files = (
				81DB4FED199D121E00502086 /* XCTest.framework in Frameworks */,
				81DB4FF0199D121E00502086 /* CoreData.framework in Frameworks */,
				81DB4FEF199D121E00502086 /* UIKit.framework in Frameworks */,
				81DB4FEE199D121E00502086 /* Foundation.framework in Frameworks */,
			);
			runOnlyForDeploymentPostprocessing = 0;
		};
/* End PBXFrameworksBuildPhase section */

/* Begin PBXGroup section */
		81DB4FB9199D121E00502086 = {
			isa = PBXGroup;
			children = (
				81DB4FCD199D121E00502086 /* MoonRunner */,
				81DB4FF3199D121E00502086 /* MoonRunnerTests */,
				81DB4FC4199D121E00502086 /* Frameworks */,
				81DB4FC3199D121E00502086 /* Products */,
			);
			sourceTree = "<group>";
		};
		81DB4FC3199D121E00502086 /* Products */ = {
			isa = PBXGroup;
			children = (
				81DB4FC2199D121E00502086 /* MoonRunner.app */,
				81DB4FEB199D121E00502086 /* MoonRunnerTests.xctest */,
			);
			name = Products;
			sourceTree = "<group>";
		};
		81DB4FC4199D121E00502086 /* Frameworks */ = {
			isa = PBXGroup;
			children = (
				811A8195199D6CE600AFF4B7 /* MapKit.framework */,
				81DB4FC5199D121E00502086 /* Foundation.framework */,
				81DB4FC7199D121E00502086 /* CoreGraphics.framework */,
				81DB4FC9199D121E00502086 /* UIKit.framework */,
				81DB4FCB199D121E00502086 /* CoreData.framework */,
				81DB4FEC199D121E00502086 /* XCTest.framework */,
			);
			name = Frameworks;
			sourceTree = "<group>";
		};
		81DB4FCD199D121E00502086 /* MoonRunner */ = {
			isa = PBXGroup;
			children = (
				81DB4FD6199D121E00502086 /* AppDelegate.h */,
				81DB4FD7199D121E00502086 /* AppDelegate.m */,
				81DB4FE2199D121E00502086 /* DetailViewController.h */,
				81DB4FE3199D121E00502086 /* DetailViewController.m */,
				81DB509D199D232000502086 /* HomeViewController.h */,
				81DB509E199D232000502086 /* HomeViewController.m */,
				81DB4FD9199D121E00502086 /* Main.storyboard */,
				811A8192199D66C200AFF4B7 /* MathController.h */,
				815045E819A29A05001779BB /* Badge.h */,
				815045E919A29A05001779BB /* Badge.m */,
				815045EB19A29A96001779BB /* BadgeController.h */,
				815045EC19A29A96001779BB /* BadgeController.m */,
				815045EE19A2A23D001779BB /* BadgeEarnStatus.h */,
				815045EF19A2A23D001779BB /* BadgeEarnStatus.m */,
				811A8193199D66C200AFF4B7 /* MathController.m */,
				81DB5009199D16BD00502086 /* Model */,
				81DB4FDC199D121E00502086 /* MoonRunner.xcdatamodeld */,
				810D4E4819A25E9600833928 /* MulticolorPolylineSegment.h */,
				810D4E4919A25E9600833928 /* MulticolorPolylineSegment.m */,
				81DB50A0199D24A100502086 /* NewRunViewController.h */,
				81DB50A1199D24A100502086 /* NewRunViewController.m */,
				81DB509C199D1C6800502086 /* Resources */,
				81DB4FCE199D121E00502086 /* Supporting Files */,
			);
			path = MoonRunner;
			sourceTree = "<group>";
		};
		81DB4FCE199D121E00502086 /* Supporting Files */ = {
			isa = PBXGroup;
			children = (
				81DB4FCF199D121E00502086 /* MoonRunner-Info.plist */,
				81DB4FD0199D121E00502086 /* InfoPlist.strings */,
				81DB4FD3199D121E00502086 /* main.m */,
				81DB4FD5199D121E00502086 /* MoonRunner-Prefix.pch */,
			);
			name = "Supporting Files";
			sourceTree = "<group>";
		};
		81DB4FF3199D121E00502086 /* MoonRunnerTests */ = {
			isa = PBXGroup;
			children = (
				81DB4FF9199D121F00502086 /* MoonRunnerTests.m */,
				81DB4FF4199D121F00502086 /* Supporting Files */,
			);
			path = MoonRunnerTests;
			sourceTree = "<group>";
		};
		81DB4FF4199D121F00502086 /* Supporting Files */ = {
			isa = PBXGroup;
			children = (
				81DB4FF5199D121F00502086 /* MoonRunnerTests-Info.plist */,
				81DB4FF6199D121F00502086 /* InfoPlist.strings */,
			);
			name = "Supporting Files";
			sourceTree = "<group>";
		};
		81DB5009199D16BD00502086 /* Model */ = {
			isa = PBXGroup;
			children = (
				81DB5006199D16AC00502086 /* Location.h */,
				81DB5007199D16AC00502086 /* Location.m */,
				81DB5003199D16AB00502086 /* Run.h */,
				81DB5004199D16AB00502086 /* Run.m */,
			);
			name = Model;
			sourceTree = "<group>";
		};
		81DB5065199D1C5500502086 /* Images */ = {
			isa = PBXGroup;
			children = (
				81DB5066199D1C5500502086 /* ariel.jpg */,
				81DB5067199D1C5500502086 /* atmosphere.jpg */,
				81DB5068199D1C5500502086 /* callisto.jpg */,
				81DB5069199D1C5500502086 /* ceres.jpg */,
				81DB506A199D1C5500502086 /* deimos.jpg */,
				81DB506B199D1C5500502086 /* dione.jpg */,
				81DB506C199D1C5500502086 /* earth.jpg */,
				81DB506D199D1C5500502086 /* enceladus.jpg */,
				81DB506E199D1C5500502086 /* europa.jpg */,
				81DB506F199D1C5500502086 /* ganymede.jpg */,
				81DB5070199D1C5500502086 /* iapetus.jpg */,
				81DB5071199D1C5500502086 /* interstellar_space.jpg */,
				81DB5072199D1C5500502086 /* io.jpg */,
				81DB5073199D1C5500502086 /* mars.jpg */,
				81DB5074199D1C5500502086 /* mimas.jpg */,
				81DB5075199D1C5500502086 /* miranda.jpg */,
				81DB5076199D1C5500502086 /* moon.jpg */,
				81DB5077199D1C5500502086 /* oberon.jpg */,
				81DB5078199D1C5500502086 /* phobos.jpg */,
				81DB5079199D1C5500502086 /* pluto.jpg */,
				81DB507A199D1C5500502086 /* rhea.jpg */,
				81DB507B199D1C5500502086 /* saturn.jpg */,
				81DB507C199D1C5500502086 /* tethys.jpg */,
				81DB507D199D1C5500502086 /* titan.jpg */,
				81DB507E199D1C5500502086 /* titania.jpg */,
				81DB507F199D1C5500502086 /* triton.jpg */,
				81DB5080199D1C5500502086 /* umbriel.jpg */,
			);
			name = Images;
			path = moonrunner_resources;
			sourceTree = "<group>";
		};
		81DB509C199D1C6800502086 /* Resources */ = {
			isa = PBXGroup;
			children = (
				815045E619A297E5001779BB /* badges.txt */,
				81DB4FE5199D121E00502086 /* Images.xcassets */,
				81DB5065199D1C5500502086 /* Images */,
				81DB5063199D1BC000502086 /* MoonRunner.xcassets */,
			);
			name = Resources;
			sourceTree = "<group>";
		};
/* End PBXGroup section */

/* Begin PBXNativeTarget section */
		81DB4FC1199D121E00502086 /* MoonRunner */ = {
			isa = PBXNativeTarget;
			buildConfigurationList = 81DB4FFD199D121F00502086 /* Build configuration list for PBXNativeTarget "MoonRunner" */;
			buildPhases = (
				81DB4FBE199D121E00502086 /* Sources */,
				81DB4FBF199D121E00502086 /* Frameworks */,
				81DB4FC0199D121E00502086 /* Resources */,
			);
			buildRules = (
			);
			dependencies = (
			);
			name = MoonRunner;
			productName = MoonRunner;
			productReference = 81DB4FC2199D121E00502086 /* MoonRunner.app */;
			productType = "com.apple.product-type.application";
		};
		81DB4FEA199D121E00502086 /* MoonRunnerTests */ = {
			isa = PBXNativeTarget;
			buildConfigurationList = 81DB5000199D121F00502086 /* Build configuration list for PBXNativeTarget "MoonRunnerTests" */;
			buildPhases = (
				81DB4FE7199D121E00502086 /* Sources */,
				81DB4FE8199D121E00502086 /* Frameworks */,
				81DB4FE9199D121E00502086 /* Resources */,
			);
			buildRules = (
			);
			dependencies = (
				81DB4FF2199D121E00502086 /* PBXTargetDependency */,
			);
			name = MoonRunnerTests;
			productName = MoonRunnerTests;
			productReference = 81DB4FEB199D121E00502086 /* MoonRunnerTests.xctest */;
			productType = "com.apple.product-type.bundle.unit-test";
		};
/* End PBXNativeTarget section */

/* Begin PBXProject section */
		81DB4FBA199D121E00502086 /* Project object */ = {
			isa = PBXProject;
			attributes = {
				LastUpgradeCheck = 0510;
				ORGANIZATIONNAME = Insoc;
				TargetAttributes = {
					81DB4FC1199D121E00502086 = {
						SystemCapabilities = {
							com.apple.BackgroundModes = {
								enabled = 1;
							};
							com.apple.iOS = {
								enabled = 0;
							};
						};
					};
					81DB4FEA199D121E00502086 = {
						TestTargetID = 81DB4FC1199D121E00502086;
					};
				};
			};
			buildConfigurationList = 81DB4FBD199D121E00502086 /* Build configuration list for PBXProject "MoonRunner" */;
			compatibilityVersion = "Xcode 3.2";
			developmentRegion = English;
			hasScannedForEncodings = 0;
			knownRegions = (
				en,
				Base,
			);
			mainGroup = 81DB4FB9199D121E00502086;
			productRefGroup = 81DB4FC3199D121E00502086 /* Products */;
			projectDirPath = "";
			projectRoot = "";
			targets = (
				81DB4FC1199D121E00502086 /* MoonRunner */,
				81DB4FEA199D121E00502086 /* MoonRunnerTests */,
			);
		};
/* End PBXProject section */

/* Begin PBXResourcesBuildPhase section */
		81DB4FC0199D121E00502086 /* Resources */ = {
			isa = PBXResourcesBuildPhase;
			buildActionMask = 2147483647;
			files = (
				81DB5087199D1C5500502086 /* earth.jpg in Resources */,
				81DB509B199D1C5500502086 /* umbriel.jpg in Resources */,
				81DB5095199D1C5500502086 /* rhea.jpg in Resources */,
				81DB5081199D1C5500502086 /* ariel.jpg in Resources */,
				81DB5082199D1C5500502086 /* atmosphere.jpg in Resources */,
				81DB508F199D1C5500502086 /* mimas.jpg in Resources */,
				81DB5084199D1C5500502086 /* ceres.jpg in Resources */,
				81DB508E199D1C5500502086 /* mars.jpg in Resources */,
				81DB5097199D1C5500502086 /* tethys.jpg in Resources */,
				81DB5090199D1C5500502086 /* miranda.jpg in Resources */,
				81DB4FE6199D121E00502086 /* Images.xcassets in Resources */,
				81DB4FD2199D121E00502086 /* InfoPlist.strings in Resources */,
				81DB5089199D1C5500502086 /* europa.jpg in Resources */,
				81DB5086199D1C5500502086 /* dione.jpg in Resources */,
				81DB5096199D1C5500502086 /* saturn.jpg in Resources */,
				81DB5083199D1C5500502086 /* callisto.jpg in Resources */,
				81DB508C199D1C5500502086 /* interstellar_space.jpg in Resources */,
				81DB508A199D1C5500502086 /* ganymede.jpg in Resources */,
				81DB508D199D1C5500502086 /* io.jpg in Resources */,
				81DB5088199D1C5500502086 /* enceladus.jpg in Resources */,
				81DB5091199D1C5500502086 /* moon.jpg in Resources */,
				81DB5098199D1C5500502086 /* titan.jpg in Resources */,
				81DB509A199D1C5500502086 /* triton.jpg in Resources */,
				81DB5099199D1C5500502086 /* titania.jpg in Resources */,
				81DB508B199D1C5500502086 /* iapetus.jpg in Resources */,
				81DB5093199D1C5500502086 /* phobos.jpg in Resources */,
				81DB5092199D1C5500502086 /* oberon.jpg in Resources */,
				81DB5094199D1C5500502086 /* pluto.jpg in Resources */,
				81DB5064199D1BC000502086 /* MoonRunner.xcassets in Resources */,
				81DB5085199D1C5500502086 /* deimos.jpg in Resources */,
				815045E719A297E5001779BB /* badges.txt in Resources */,
				81DB4FDB199D121E00502086 /* Main.storyboard in Resources */,
			);
			runOnlyForDeploymentPostprocessing = 0;
		};
		81DB4FE9199D121E00502086 /* Resources */ = {
			isa = PBXResourcesBuildPhase;
			buildActionMask = 2147483647;
			files = (
				81DB4FF8199D121F00502086 /* InfoPlist.strings in Resources */,
			);
			runOnlyForDeploymentPostprocessing = 0;
		};
/* End PBXResourcesBuildPhase section */

/* Begin PBXSourcesBuildPhase section */
		81DB4FBE199D121E00502086 /* Sources */ = {
			isa = PBXSourcesBuildPhase;
			buildActionMask = 2147483647;
			files = (
				81DB4FE4199D121E00502086 /* DetailViewController.m in Sources */,
				81DB5008199D16AC00502086 /* Location.m in Sources */,
				811A8194199D66C200AFF4B7 /* MathController.m in Sources */,
				810D4E4A19A25E9600833928 /* MulticolorPolylineSegment.m in Sources */,
				81DB4FD8199D121E00502086 /* AppDelegate.m in Sources */,
				815045F019A2A23D001779BB /* BadgeEarnStatus.m in Sources */,
				815045EA19A29A05001779BB /* Badge.m in Sources */,
				81DB5005199D16AB00502086 /* Run.m in Sources */,
				815045ED19A29A96001779BB /* BadgeController.m in Sources */,
				81DB4FDE199D121E00502086 /* MoonRunner.xcdatamodeld in Sources */,
				81DB509F199D232000502086 /* HomeViewController.m in Sources */,
				81DB4FD4199D121E00502086 /* main.m in Sources */,
				81DB50A2199D24A100502086 /* NewRunViewController.m in Sources */,
			);
			runOnlyForDeploymentPostprocessing = 0;
		};
		81DB4FE7199D121E00502086 /* Sources */ = {
			isa = PBXSourcesBuildPhase;
			buildActionMask = 2147483647;
			files = (
				81DB4FFA199D121F00502086 /* MoonRunnerTests.m in Sources */,
			);
			runOnlyForDeploymentPostprocessing = 0;
		};
/* End PBXSourcesBuildPhase section */

/* Begin PBXTargetDependency section */
		81DB4FF2199D121E00502086 /* PBXTargetDependency */ = {
			isa = PBXTargetDependency;
			target = 81DB4FC1199D121E00502086 /* MoonRunner */;
			targetProxy = 81DB4FF1199D121E00502086 /* PBXContainerItemProxy */;
		};
/* End PBXTargetDependency section */

/* Begin PBXVariantGroup section */
		81DB4FD0199D121E00502086 /* InfoPlist.strings */ = {
			isa = PBXVariantGroup;
			children = (
				81DB4FD1199D121E00502086 /* en */,
			);
			name = InfoPlist.strings;
			sourceTree = "<group>";
		};
		81DB4FD9199D121E00502086 /* Main.storyboard */ = {
			isa = PBXVariantGroup;
			children = (
				81DB4FDA199D121E00502086 /* Base */,
			);
			name = Main.storyboard;
			sourceTree = "<group>";
		};
		81DB4FF6199D121F00502086 /* InfoPlist.strings */ = {
			isa = PBXVariantGroup;
			children = (
				81DB4FF7199D121F00502086 /* en */,
			);
			name = InfoPlist.strings;
			sourceTree = "<group>";
		};
/* End PBXVariantGroup section */

/* Begin XCBuildConfiguration section */
		81DB4FFB199D121F00502086 /* Debug */ = {
			isa = XCBuildConfiguration;
			buildSettings = {
				ALWAYS_SEARCH_USER_PATHS = NO;
				CLANG_CXX_LANGUAGE_STANDARD = "gnu++0x";
				CLANG_CXX_LIBRARY = "libc++";
				CLANG_ENABLE_MODULES = YES;
				CLANG_ENABLE_OBJC_ARC = YES;
				CLANG_WARN_BOOL_CONVERSION = YES;
				CLANG_WARN_CONSTANT_CONVERSION = YES;
				CLANG_WARN_DIRECT_OBJC_ISA_USAGE = YES_ERROR;
				CLANG_WARN_EMPTY_BODY = YES;
				CLANG_WARN_ENUM_CONVERSION = YES;
				CLANG_WARN_INT_CONVERSION = YES;
				CLANG_WARN_OBJC_ROOT_CLASS = YES_ERROR;
				CLANG_WARN__DUPLICATE_METHOD_MATCH = YES;
				"CODE_SIGN_IDENTITY[sdk=iphoneos*]" = "iPhone Developer";
				COPY_PHASE_STRIP = NO;
				GCC_C_LANGUAGE_STANDARD = gnu99;
				GCC_DYNAMIC_NO_PIC = NO;
				GCC_OPTIMIZATION_LEVEL = 0;
				GCC_PREPROCESSOR_DEFINITIONS = (
					"DEBUG=1",
					"$(inherited)",
				);
				GCC_SYMBOLS_PRIVATE_EXTERN = NO;
				GCC_WARN_64_TO_32_BIT_CONVERSION = YES;
				GCC_WARN_ABOUT_RETURN_TYPE = YES_ERROR;
				GCC_WARN_UNDECLARED_SELECTOR = YES;
				GCC_WARN_UNINITIALIZED_AUTOS = YES_AGGRESSIVE;
				GCC_WARN_UNUSED_FUNCTION = YES;
				GCC_WARN_UNUSED_VARIABLE = YES;
				IPHONEOS_DEPLOYMENT_TARGET = 7.1;
				ONLY_ACTIVE_ARCH = YES;
				SDKROOT = iphoneos;
			};
			name = Debug;
		};
		81DB4FFC199D121F00502086 /* Release */ = {
			isa = XCBuildConfiguration;
			buildSettings = {
				ALWAYS_SEARCH_USER_PATHS = NO;
				CLANG_CXX_LANGUAGE_STANDARD = "gnu++0x";
				CLANG_CXX_LIBRARY = "libc++";
				CLANG_ENABLE_MODULES = YES;
				CLANG_ENABLE_OBJC_ARC = YES;
				CLANG_WARN_BOOL_CONVERSION = YES;
				CLANG_WARN_CONSTANT_CONVERSION = YES;
				CLANG_WARN_DIRECT_OBJC_ISA_USAGE = YES_ERROR;
				CLANG_WARN_EMPTY_BODY = YES;
				CLANG_WARN_ENUM_CONVERSION = YES;
				CLANG_WARN_INT_CONVERSION = YES;
				CLANG_WARN_OBJC_ROOT_CLASS = YES_ERROR;
				CLANG_WARN__DUPLICATE_METHOD_MATCH = YES;
				"CODE_SIGN_IDENTITY[sdk=iphoneos*]" = "iPhone Developer";
				COPY_PHASE_STRIP = YES;
				ENABLE_NS_ASSERTIONS = NO;
				GCC_C_LANGUAGE_STANDARD = gnu99;
				GCC_WARN_64_TO_32_BIT_CONVERSION = YES;
				GCC_WARN_ABOUT_RETURN_TYPE = YES_ERROR;
				GCC_WARN_UNDECLARED_SELECTOR = YES;
				GCC_WARN_UNINITIALIZED_AUTOS = YES_AGGRESSIVE;
				GCC_WARN_UNUSED_FUNCTION = YES;
				GCC_WARN_UNUSED_VARIABLE = YES;
				IPHONEOS_DEPLOYMENT_TARGET = 7.1;
				SDKROOT = iphoneos;
				VALIDATE_PRODUCT = YES;
			};
			name = Release;
		};
		81DB4FFE199D121F00502086 /* Debug */ = {
			isa = XCBuildConfiguration;
			buildSettings = {
				ASSETCATALOG_COMPILER_APPICON_NAME = AppIcon;
				ASSETCATALOG_COMPILER_LAUNCHIMAGE_NAME = LaunchImage;
				GCC_PRECOMPILE_PREFIX_HEADER = YES;
				GCC_PREFIX_HEADER = "MoonRunner/MoonRunner-Prefix.pch";
				INFOPLIST_FILE = "MoonRunner/MoonRunner-Info.plist";
				PRODUCT_NAME = "$(TARGET_NAME)";
				WRAPPER_EXTENSION = app;
			};
			name = Debug;
		};
		81DB4FFF199D121F00502086 /* Release */ = {
			isa = XCBuildConfiguration;
			buildSettings = {
				ASSETCATALOG_COMPILER_APPICON_NAME = AppIcon;
				ASSETCATALOG_COMPILER_LAUNCHIMAGE_NAME = LaunchImage;
				GCC_PRECOMPILE_PREFIX_HEADER = YES;
				GCC_PREFIX_HEADER = "MoonRunner/MoonRunner-Prefix.pch";
				INFOPLIST_FILE = "MoonRunner/MoonRunner-Info.plist";
				PRODUCT_NAME = "$(TARGET_NAME)";
				WRAPPER_EXTENSION = app;
			};
			name = Release;
		};
		81DB5001199D121F00502086 /* Debug */ = {
			isa = XCBuildConfiguration;
			buildSettings = {
				BUNDLE_LOADER = "$(BUILT_PRODUCTS_DIR)/MoonRunner.app/MoonRunner";
				FRAMEWORK_SEARCH_PATHS = (
					"$(SDKROOT)/Developer/Library/Frameworks",
					"$(inherited)",
					"$(DEVELOPER_FRAMEWORKS_DIR)",
				);
				GCC_PRECOMPILE_PREFIX_HEADER = YES;
				GCC_PREFIX_HEADER = "MoonRunner/MoonRunner-Prefix.pch";
				GCC_PREPROCESSOR_DEFINITIONS = (
					"DEBUG=1",
					"$(inherited)",
				);
				INFOPLIST_FILE = "MoonRunnerTests/MoonRunnerTests-Info.plist";
				PRODUCT_NAME = "$(TARGET_NAME)";
				TEST_HOST = "$(BUNDLE_LOADER)";
				WRAPPER_EXTENSION = xctest;
			};
			name = Debug;
		};
		81DB5002199D121F00502086 /* Release */ = {
			isa = XCBuildConfiguration;
			buildSettings = {
				BUNDLE_LOADER = "$(BUILT_PRODUCTS_DIR)/MoonRunner.app/MoonRunner";
				FRAMEWORK_SEARCH_PATHS = (
					"$(SDKROOT)/Developer/Library/Frameworks",
					"$(inherited)",
					"$(DEVELOPER_FRAMEWORKS_DIR)",
				);
				GCC_PRECOMPILE_PREFIX_HEADER = YES;
				GCC_PREFIX_HEADER = "MoonRunner/MoonRunner-Prefix.pch";
				INFOPLIST_FILE = "MoonRunnerTests/MoonRunnerTests-Info.plist";
				PRODUCT_NAME = "$(TARGET_NAME)";
				TEST_HOST = "$(BUNDLE_LOADER)";
				WRAPPER_EXTENSION = xctest;
			};
			name = Release;
		};
/* End XCBuildConfiguration section */

/* Begin XCConfigurationList section */
		81DB4FBD199D121E00502086 /* Build configuration list for PBXProject "MoonRunner" */ = {
			isa = XCConfigurationList;
			buildConfigurations = (
				81DB4FFB199D121F00502086 /* Debug */,
				81DB4FFC199D121F00502086 /* Release */,
			);
			defaultConfigurationIsVisible = 0;
			defaultConfigurationName = Release;
		};
		81DB4FFD199D121F00502086 /* Build configuration list for PBXNativeTarget "MoonRunner" */ = {
			isa = XCConfigurationList;
			buildConfigurations = (
				81DB4FFE199D121F00502086 /* Debug */,
				81DB4FFF199D121F00502086 /* Release */,
			);
			defaultConfigurationIsVisible = 0;
			defaultConfigurationName = Release;
		};
		81DB5000199D121F00502086 /* Build configuration list for PBXNativeTarget "MoonRunnerTests" */ = {
			isa = XCConfigurationList;
			buildConfigurations = (
				81DB5001199D121F00502086 /* Debug */,
				81DB5002199D121F00502086 /* Release */,
			);
			defaultConfigurationIsVisible = 0;
			defaultConfigurationName = Release;
		};
/* End XCConfigurationList section */

/* Begin XCVersionGroup section */
		81DB4FDC199D121E00502086 /* MoonRunner.xcdatamodeld */ = {
			isa = XCVersionGroup;
			children = (
				81DB4FDD199D121E00502086 /* MoonRunner.xcdatamodel */,
			);
			currentVersion = 81DB4FDD199D121E00502086 /* MoonRunner.xcdatamodel */;
			path = MoonRunner.xcdatamodeld;
			sourceTree = "<group>";
			versionGroupType = wrapper.xcdatamodel;
		};
/* End XCVersionGroup section */
	};
	rootObject = 81DB4FBA199D121E00502086 /* Project object */;
}
